
Microsoft Visual Studio Solution File, Format Version 12.00
# Visual Studio Version 17
VisualStudioVersion = 17.3.32922.545
MinimumVisualStudioVersion = 10.0.40219.1
Project("{8BC9CEB8-8B4A-11D0-8D11-00A0C91BC942}") = "Self-Organizing Lists Programming Data Set", "Self-Organizing Lists Programming Data Set\Self-Organizing Lists Programming Data Set.vcxproj", "{C8F77B60-14F4-4D64-BB5F-54C12A98D34C}"
EndProject
Global
	GlobalSection(SolutionConfigurationPlatforms) = preSolution
		Debug|x64 = Debug|x64
		Debug|x86 = Debug|x86
		Release|x64 = Release|x64
		Release|x86 = Release|x86
	EndGlobalSection
	GlobalSection(ProjectConfigurationPlatforms) = postSolution
		{C8F77B60-14F4-4D64-BB5F-54C12A98D34C}.Debug|x64.ActiveCfg = Debug|x64
		{C8F77B60-14F4-4D64-BB5F-54C12A98D34C}.Debug|x64.Build.0 = Debug|x64
		{C8F77B60-14F4-4D64-BB5F-54C12A98D34C}.Debug|x86.ActiveCfg = Debug|Win32
		{C8F77B60-14F4-4D64-BB5F-54C12A98D34C}.Debug|x86.Build.0 = Debug|Win32
		{C8F77B60-14F4-4D64-BB5F-54C12A98D34C}.Release|x64.ActiveCfg = Release|x64
		{C8F77B60-14F4-4D64-BB5F-54C12A98D34C}.Release|x64.Build.0 = Release|x64
		{C8F77B60-14F4-4D64-BB5F-54C12A98D34C}.Release|x86.ActiveCfg = Release|Win32
		{C8F77B60-14F4-4D64-BB5F-54C12A98D34C}.Release|x86.Build.0 = Release|Win32
	EndGlobalSection
	GlobalSection(SolutionProperties) = preSolution
		HideSolutionNode = FALSE
	EndGlobalSection
	GlobalSection(ExtensibilityGlobals) = postSolution
		SolutionGuid = {1BD0A84A-3242-4DCB-98BD-9D2305A6CE2A}
	EndGlobalSection
EndGlobal
